
Microsoft Visual Studio Solution File, Format Version 12.00
# Visual Studio Version 17
VisualStudioVersion = 17.12.35707.178
MinimumVisualStudioVersion = 10.0.40219.1
Project("{FAE04EC0-301F-11D3-BF4B-00C04F79EFBC}") = "Product", "Product\Product.csproj", "{31E1A240-B73F-477F-9F46-1D0123D8E418}"
EndProject
Project("{FAE04EC0-301F-11D3-BF4B-00C04F79EFBC}") = "Order", "Order\Order.csproj", "{79236E5D-5548-4E84-B06D-FA7819093123}"
EndProject
Project("{FAE04EC0-301F-11D3-BF4B-00C04F79EFBC}") = "ApiGateWay", "ApiGateWay\ApiGateWay.csproj", "{438432FE-7056-4BC7-B43B-01CFC178A6EC}"
EndProject
Global
	GlobalSection(SolutionConfigurationPlatforms) = preSolution
		Debug|Any CPU = Debug|Any CPU
		Release|Any CPU = Release|Any CPU
	EndGlobalSection
	GlobalSection(ProjectConfigurationPlatforms) = postSolution
		{31E1A240-B73F-477F-9F46-1D0123D8E418}.Debug|Any CPU.ActiveCfg = Debug|Any CPU
		{31E1A240-B73F-477F-9F46-1D0123D8E418}.Debug|Any CPU.Build.0 = Debug|Any CPU
		{31E1A240-B73F-477F-9F46-1D0123D8E418}.Release|Any CPU.ActiveCfg = Release|Any CPU
		{31E1A240-B73F-477F-9F46-1D0123D8E418}.Release|Any CPU.Build.0 = Release|Any CPU
		{79236E5D-5548-4E84-B06D-FA7819093123}.Debug|Any CPU.ActiveCfg = Debug|Any CPU
		{79236E5D-5548-4E84-B06D-FA7819093123}.Debug|Any CPU.Build.0 = Debug|Any CPU
		{79236E5D-5548-4E84-B06D-FA7819093123}.Release|Any CPU.ActiveCfg = Release|Any CPU
		{79236E5D-5548-4E84-B06D-FA7819093123}.Release|Any CPU.Build.0 = Release|Any CPU
		{438432FE-7056-4BC7-B43B-01CFC178A6EC}.Debug|Any CPU.ActiveCfg = Debug|Any CPU
		{438432FE-7056-4BC7-B43B-01CFC178A6EC}.Debug|Any CPU.Build.0 = Debug|Any CPU
		{438432FE-7056-4BC7-B43B-01CFC178A6EC}.Release|Any CPU.ActiveCfg = Release|Any CPU
		{438432FE-7056-4BC7-B43B-01CFC178A6EC}.Release|Any CPU.Build.0 = Release|Any CPU
	EndGlobalSection
	GlobalSection(SolutionProperties) = preSolution
		HideSolutionNode = FALSE
	EndGlobalSection
EndGlobal
